{
  "pins" : [
    {
      "identity" : "foundationx",
      "kind" : "remoteSourceControl",
      "location" : "https://github.com/Lguanghui/FoundationX",
      "state" : {
        "branch" : "master",
        "revision" : "42007b02f23f24263a46f53bdc51ab0eeb68d9ee"
      }
    },
    {
      "identity" : "snapkit",
      "kind" : "remoteSourceControl",
      "location" : "https://github.com/SnapKit/SnapKit.git",
      "state" : {
        "revision" : "d458564516e5676af9c70b4f4b2a9178294f1bc6",
        "version" : "5.0.1"
      }
    },
    {
      "identity" : "uikitzen",
      "kind" : "remoteSourceControl",
      "location" : "https://github.com/Lguanghui/UIKitZen",
      "state" : {
        "branch" : "master",
        "revision" : "c9c7c345ba1dd952a145be28fef344ddde1f333b"
      }
    }
  ],
  "version" : 2
}
