{
  "object": {
    "pins": [
      {
        "package": "GHFoundation",
        "repositoryURL": "https://github.com/Lguanghui/GHFoundation",
        "state": {
          "branch": "master",
          "revision": "f27b4b09fe92f30fa0b9943dfef0a4d064c84511",
          "version": null
        }
      },
      {
        "package": "SnapKit",
        "repositoryURL": "https://github.com/SnapKit/SnapKit.git",
        "state": {
          "branch": null,
          "revision": "d458564516e5676af9c70b4f4b2a9178294f1bc6",
          "version": "5.0.1"
        }
      }
    ]
  },
  "version": 1
}
